// !$*UTF8*$!
{
	archiveVersion = 1;
	classes = {
	};
	objectVersion = 46;
	objects = {

/* Begin PBXBuildFile section */
		1A0AC4331E042BD200079DCC /* LessonSummaryCell.swift in Sources */ = {isa = PBXBuildFile; fileRef = 1A0AC4321E042BD200079DCC /* LessonSummaryCell.swift */; };
		1A0AC4351E070FDB00079DCC /* LessonSectionViewModel.swift in Sources */ = {isa = PBXBuildFile; fileRef = 1A0AC4341E070FDB00079DCC /* LessonSectionViewModel.swift */; };
		1A165F6C1E02D6E500AC21D2 /* Lesson.swift in Sources */ = {isa = PBXBuildFile; fileRef = 1A165F6B1E02D6E500AC21D2 /* Lesson.swift */; };
		1A1F060B1E0208EF00C0B068 /* AppDelegate.swift in Sources */ = {isa = PBXBuildFile; fileRef = 1A1F060A1E0208EF00C0B068 /* AppDelegate.swift */; };
		1A1F060D1E0208EF00C0B068 /* CardViewController.swift in Sources */ = {isa = PBXBuildFile; fileRef = 1A1F060C1E0208EF00C0B068 /* CardViewController.swift */; };
		1A1F06101E0208EF00C0B068 /* Main.storyboard in Resources */ = {isa = PBXBuildFile; fileRef = 1A1F060E1E0208EF00C0B068 /* Main.storyboard */; };
		1A1F06121E0208EF00C0B068 /* Assets.xcassets in Resources */ = {isa = PBXBuildFile; fileRef = 1A1F06111E0208EF00C0B068 /* Assets.xcassets */; };
		1A1F06151E0208EF00C0B068 /* LaunchScreen.storyboard in Resources */ = {isa = PBXBuildFile; fileRef = 1A1F06131E0208EF00C0B068 /* LaunchScreen.storyboard */; };
		1A1F061D1E020B7700C0B068 /* Card.swift in Sources */ = {isa = PBXBuildFile; fileRef = 1A1F061C1E020B7700C0B068 /* Card.swift */; };
		1A1F06201E020B9F00C0B068 /* CardLoader.swift in Sources */ = {isa = PBXBuildFile; fileRef = 1A1F061F1E020B9F00C0B068 /* CardLoader.swift */; };
		1A1F06221E020C1000C0B068 /* NSObject+IGListDiffable.swift in Sources */ = {isa = PBXBuildFile; fileRef = 1A1F06211E020C1000C0B068 /* NSObject+IGListDiffable.swift */; };
		1A1F06251E020D4F00C0B068 /* CardSectionController.swift in Sources */ = {isa = PBXBuildFile; fileRef = 1A1F06241E020D4F00C0B068 /* CardSectionController.swift */; };
		1A1F06291E02107100C0B068 /* LabelCell.swift in Sources */ = {isa = PBXBuildFile; fileRef = 1A1F06281E02107100C0B068 /* LabelCell.swift */; };
		1A4B14B01E02153B003E941E /* GoogleService-Info.plist in Resources */ = {isa = PBXBuildFile; fileRef = 1A4B14AF1E02153B003E941E /* GoogleService-Info.plist */; };
		4B316EBA68D584EA74F70C82 /* Pods_IGListTesting.framework in Frameworks */ = {isa = PBXBuildFile; fileRef = 7EC6B08FD7F4F9DFF448DCA7 /* Pods_IGListTesting.framework */; };
/* End PBXBuildFile section */

/* Begin PBXFileReference section */
		1A0AC4321E042BD200079DCC /* LessonSummaryCell.swift */ = {isa = PBXFileReference; fileEncoding = 4; lastKnownFileType = sourcecode.swift; path = LessonSummaryCell.swift; sourceTree = "<group>"; };
		1A0AC4341E070FDB00079DCC /* LessonSectionViewModel.swift */ = {isa = PBXFileReference; fileEncoding = 4; lastKnownFileType = sourcecode.swift; path = LessonSectionViewModel.swift; sourceTree = "<group>"; };
		1A165F6B1E02D6E500AC21D2 /* Lesson.swift */ = {isa = PBXFileReference; fileEncoding = 4; lastKnownFileType = sourcecode.swift; path = Lesson.swift; sourceTree = "<group>"; };
		1A1F06071E0208EF00C0B068 /* IGListTesting.app */ = {isa = PBXFileReference; explicitFileType = wrapper.application; includeInIndex = 0; path = IGListTesting.app; sourceTree = BUILT_PRODUCTS_DIR; };
		1A1F060A1E0208EF00C0B068 /* AppDelegate.swift */ = {isa = PBXFileReference; lastKnownFileType = sourcecode.swift; path = AppDelegate.swift; sourceTree = "<group>"; };
		1A1F060C1E0208EF00C0B068 /* CardViewController.swift */ = {isa = PBXFileReference; lastKnownFileType = sourcecode.swift; path = CardViewController.swift; sourceTree = "<group>"; };
		1A1F060F1E0208EF00C0B068 /* Base */ = {isa = PBXFileReference; lastKnownFileType = file.storyboard; name = Base; path = Base.lproj/Main.storyboard; sourceTree = "<group>"; };
		1A1F06111E0208EF00C0B068 /* Assets.xcassets */ = {isa = PBXFileReference; lastKnownFileType = folder.assetcatalog; path = Assets.xcassets; sourceTree = "<group>"; };
		1A1F06141E0208EF00C0B068 /* Base */ = {isa = PBXFileReference; lastKnownFileType = file.storyboard; name = Base; path = Base.lproj/LaunchScreen.storyboard; sourceTree = "<group>"; };
		1A1F06161E0208EF00C0B068 /* Info.plist */ = {isa = PBXFileReference; lastKnownFileType = text.plist.xml; path = Info.plist; sourceTree = "<group>"; };
		1A1F061C1E020B7700C0B068 /* Card.swift */ = {isa = PBXFileReference; fileEncoding = 4; lastKnownFileType = sourcecode.swift; path = Card.swift; sourceTree = "<group>"; };
		1A1F061F1E020B9F00C0B068 /* CardLoader.swift */ = {isa = PBXFileReference; fileEncoding = 4; lastKnownFileType = sourcecode.swift; path = CardLoader.swift; sourceTree = "<group>"; };
		1A1F06211E020C1000C0B068 /* NSObject+IGListDiffable.swift */ = {isa = PBXFileReference; fileEncoding = 4; lastKnownFileType = sourcecode.swift; path = "NSObject+IGListDiffable.swift"; sourceTree = "<group>"; };
		1A1F06241E020D4F00C0B068 /* CardSectionController.swift */ = {isa = PBXFileReference; fileEncoding = 4; lastKnownFileType = sourcecode.swift; path = CardSectionController.swift; sourceTree = "<group>"; };
		1A1F06281E02107100C0B068 /* LabelCell.swift */ = {isa = PBXFileReference; fileEncoding = 4; lastKnownFileType = sourcecode.swift; path = LabelCell.swift; sourceTree = "<group>"; };
		1A4B14AF1E02153B003E941E /* GoogleService-Info.plist */ = {isa = PBXFileReference; fileEncoding = 4; lastKnownFileType = text.plist.xml; path = "GoogleService-Info.plist"; sourceTree = "<group>"; };
		44F8A0DE9223F00CABD0018E /* Pods-IGListTesting.debug.xcconfig */ = {isa = PBXFileReference; includeInIndex = 1; lastKnownFileType = text.xcconfig; name = "Pods-IGListTesting.debug.xcconfig"; path = "Pods/Target Support Files/Pods-IGListTesting/Pods-IGListTesting.debug.xcconfig"; sourceTree = "<group>"; };
		470EBA6C4CAE91DE6EF8739E /* Pods-IGListTesting.release.xcconfig */ = {isa = PBXFileReference; includeInIndex = 1; lastKnownFileType = text.xcconfig; name = "Pods-IGListTesting.release.xcconfig"; path = "Pods/Target Support Files/Pods-IGListTesting/Pods-IGListTesting.release.xcconfig"; sourceTree = "<group>"; };
		7EC6B08FD7F4F9DFF448DCA7 /* Pods_IGListTesting.framework */ = {isa = PBXFileReference; explicitFileType = wrapper.framework; includeInIndex = 0; path = Pods_IGListTesting.framework; sourceTree = BUILT_PRODUCTS_DIR; };
/* End PBXFileReference section */

/* Begin PBXFrameworksBuildPhase section */
		1A1F06041E0208EF00C0B068 /* Frameworks */ = {
			isa = PBXFrameworksBuildPhase;
			buildActionMask = 2147483647;
			files = (
				4B316EBA68D584EA74F70C82 /* Pods_IGListTesting.framework in Frameworks */,
			);
			runOnlyForDeploymentPostprocessing = 0;
		};
/* End PBXFrameworksBuildPhase section */

/* Begin PBXGroup section */
		1A165F6A1E02D65F00AC21D2 /* Views */ = {
			isa = PBXGroup;
			children = (
				1A1F06281E02107100C0B068 /* LabelCell.swift */,
				1A0AC4321E042BD200079DCC /* LessonSummaryCell.swift */,
			);
			name = Views;
			sourceTree = "<group>";
		};
		1A1F05FE1E0208EF00C0B068 = {
			isa = PBXGroup;
			children = (
				1A1F06091E0208EF00C0B068 /* IGListTesting */,
				1A1F06081E0208EF00C0B068 /* Products */,
				74DC3BF4F3572FF1651D0280 /* Pods */,
				774D3DD0FDEC1472708034CD /* Frameworks */,
			);
			sourceTree = "<group>";
		};
		1A1F06081E0208EF00C0B068 /* Products */ = {
			isa = PBXGroup;
			children = (
				1A1F06071E0208EF00C0B068 /* IGListTesting.app */,
			);
			name = Products;
			sourceTree = "<group>";
		};
		1A1F06091E0208EF00C0B068 /* IGListTesting */ = {
			isa = PBXGroup;
			children = (
				1A1F060A1E0208EF00C0B068 /* AppDelegate.swift */,
				1A1F061E1E020B7D00C0B068 /* Model */,
				1A165F6A1E02D65F00AC21D2 /* Views */,
				1A1F06271E020D6500C0B068 /* ViewControllers */,
				1A1F06261E020D5700C0B068 /* SectionControllers */,
				1A1F06231E020C5200C0B068 /* Systems */,
				1A1F060E1E0208EF00C0B068 /* Main.storyboard */,
				1A1F06111E0208EF00C0B068 /* Assets.xcassets */,
				1A1F06131E0208EF00C0B068 /* LaunchScreen.storyboard */,
				1A1F06161E0208EF00C0B068 /* Info.plist */,
				1A4B14AF1E02153B003E941E /* GoogleService-Info.plist */,
			);
			path = IGListTesting;
			sourceTree = "<group>";
		};
		1A1F061E1E020B7D00C0B068 /* Model */ = {
			isa = PBXGroup;
			children = (
				1A1F06211E020C1000C0B068 /* NSObject+IGListDiffable.swift */,
				1A1F061C1E020B7700C0B068 /* Card.swift */,
				1A165F6B1E02D6E500AC21D2 /* Lesson.swift */,
				1A0AC4341E070FDB00079DCC /* LessonSectionViewModel.swift */,
			);
			name = Model;
			sourceTree = "<group>";
		};
		1A1F06231E020C5200C0B068 /* Systems */ = {
			isa = PBXGroup;
			children = (
				1A1F061F1E020B9F00C0B068 /* CardLoader.swift */,
			);
			name = Systems;
			sourceTree = "<group>";
		};
		1A1F06261E020D5700C0B068 /* SectionControllers */ = {
			isa = PBXGroup;
			children = (
				1A1F06241E020D4F00C0B068 /* CardSectionController.swift */,
			);
			name = SectionControllers;
			sourceTree = "<group>";
		};
		1A1F06271E020D6500C0B068 /* ViewControllers */ = {
			isa = PBXGroup;
			children = (
				1A1F060C1E0208EF00C0B068 /* CardViewController.swift */,
			);
			name = ViewControllers;
			sourceTree = "<group>";
		};
		74DC3BF4F3572FF1651D0280 /* Pods */ = {
			isa = PBXGroup;
			children = (
				44F8A0DE9223F00CABD0018E /* Pods-IGListTesting.debug.xcconfig */,
				470EBA6C4CAE91DE6EF8739E /* Pods-IGListTesting.release.xcconfig */,
			);
			name = Pods;
			sourceTree = "<group>";
		};
		774D3DD0FDEC1472708034CD /* Frameworks */ = {
			isa = PBXGroup;
			children = (
				7EC6B08FD7F4F9DFF448DCA7 /* Pods_IGListTesting.framework */,
			);
			name = Frameworks;
			sourceTree = "<group>";
		};
/* End PBXGroup section */

/* Begin PBXNativeTarget section */
		1A1F06061E0208EF00C0B068 /* IGListTesting */ = {
			isa = PBXNativeTarget;
			buildConfigurationList = 1A1F06191E0208EF00C0B068 /* Build configuration list for PBXNativeTarget "IGListTesting" */;
			buildPhases = (
				141408818BC28F623180A997 /* [CP] Check Pods Manifest.lock */,
				1A1F06031E0208EF00C0B068 /* Sources */,
				1A1F06041E0208EF00C0B068 /* Frameworks */,
				1A1F06051E0208EF00C0B068 /* Resources */,
				66B6E4E5A27BA3EFED37B6E2 /* [CP] Embed Pods Frameworks */,
				1FBBB27A4F5F53FB61EF77C5 /* [CP] Copy Pods Resources */,
			);
			buildRules = (
			);
			dependencies = (
			);
			name = IGListTesting;
			productName = IGListTesting;
			productReference = 1A1F06071E0208EF00C0B068 /* IGListTesting.app */;
			productType = "com.apple.product-type.application";
		};
/* End PBXNativeTarget section */

/* Begin PBXProject section */
		1A1F05FF1E0208EF00C0B068 /* Project object */ = {
			isa = PBXProject;
			attributes = {
				LastSwiftUpdateCheck = 0810;
				LastUpgradeCheck = 0810;
				ORGANIZATIONNAME = "James Washer";
				TargetAttributes = {
					1A1F06061E0208EF00C0B068 = {
						CreatedOnToolsVersion = 8.1;
						DevelopmentTeam = PQ3HEEN697;
						ProvisioningStyle = Automatic;
					};
				};
			};
			buildConfigurationList = 1A1F06021E0208EF00C0B068 /* Build configuration list for PBXProject "IGListTesting" */;
			compatibilityVersion = "Xcode 3.2";
			developmentRegion = English;
			hasScannedForEncodings = 0;
			knownRegions = (
				en,
				Base,
			);
			mainGroup = 1A1F05FE1E0208EF00C0B068;
			productRefGroup = 1A1F06081E0208EF00C0B068 /* Products */;
			projectDirPath = "";
			projectRoot = "";
			targets = (
				1A1F06061E0208EF00C0B068 /* IGListTesting */,
			);
		};
/* End PBXProject section */

/* Begin PBXResourcesBuildPhase section */
		1A1F06051E0208EF00C0B068 /* Resources */ = {
			isa = PBXResourcesBuildPhase;
			buildActionMask = 2147483647;
			files = (
				1A4B14B01E02153B003E941E /* GoogleService-Info.plist in Resources */,
				1A1F06151E0208EF00C0B068 /* LaunchScreen.storyboard in Resources */,
				1A1F06121E0208EF00C0B068 /* Assets.xcassets in Resources */,
				1A1F06101E0208EF00C0B068 /* Main.storyboard in Resources */,
			);
			runOnlyForDeploymentPostprocessing = 0;
		};
/* End PBXResourcesBuildPhase section */

/* Begin PBXShellScriptBuildPhase section */
		141408818BC28F623180A997 /* [CP] Check Pods Manifest.lock */ = {
			isa = PBXShellScriptBuildPhase;
			buildActionMask = 2147483647;
			files = (
			);
			inputPaths = (
			);
			name = "[CP] Check Pods Manifest.lock";
			outputPaths = (
			);
			runOnlyForDeploymentPostprocessing = 0;
			shellPath = /bin/sh;
			shellScript = "diff \"${PODS_ROOT}/../Podfile.lock\" \"${PODS_ROOT}/Manifest.lock\" > /dev/null\nif [ $? != 0 ] ; then\n    # print error to STDERR\n    echo \"error: The sandbox is not in sync with the Podfile.lock. Run 'pod install' or update your CocoaPods installation.\" >&2\n    exit 1\nfi\n";
			showEnvVarsInLog = 0;
		};
		1FBBB27A4F5F53FB61EF77C5 /* [CP] Copy Pods Resources */ = {
			isa = PBXShellScriptBuildPhase;
			buildActionMask = 2147483647;
			files = (
			);
			inputPaths = (
			);
			name = "[CP] Copy Pods Resources";
			outputPaths = (
			);
			runOnlyForDeploymentPostprocessing = 0;
			shellPath = /bin/sh;
			shellScript = "\"${SRCROOT}/Pods/Target Support Files/Pods-IGListTesting/Pods-IGListTesting-resources.sh\"\n";
			showEnvVarsInLog = 0;
		};
		66B6E4E5A27BA3EFED37B6E2 /* [CP] Embed Pods Frameworks */ = {
			isa = PBXShellScriptBuildPhase;
			buildActionMask = 2147483647;
			files = (
			);
			inputPaths = (
			);
			name = "[CP] Embed Pods Frameworks";
			outputPaths = (
			);
			runOnlyForDeploymentPostprocessing = 0;
			shellPath = /bin/sh;
			shellScript = "\"${SRCROOT}/Pods/Target Support Files/Pods-IGListTesting/Pods-IGListTesting-frameworks.sh\"\n";
			showEnvVarsInLog = 0;
		};
/* End PBXShellScriptBuildPhase section */

/* Begin PBXSourcesBuildPhase section */
		1A1F06031E0208EF00C0B068 /* Sources */ = {
			isa = PBXSourcesBuildPhase;
			buildActionMask = 2147483647;
			files = (
				1A1F06201E020B9F00C0B068 /* CardLoader.swift in Sources */,
				1A1F060D1E0208EF00C0B068 /* CardViewController.swift in Sources */,
				1A1F06291E02107100C0B068 /* LabelCell.swift in Sources */,
				1A165F6C1E02D6E500AC21D2 /* Lesson.swift in Sources */,
				1A0AC4351E070FDB00079DCC /* LessonSectionViewModel.swift in Sources */,
				1A1F061D1E020B7700C0B068 /* Card.swift in Sources */,
				1A1F06251E020D4F00C0B068 /* CardSectionController.swift in Sources */,
				1A1F060B1E0208EF00C0B068 /* AppDelegate.swift in Sources */,
				1A0AC4331E042BD200079DCC /* LessonSummaryCell.swift in Sources */,
				1A1F06221E020C1000C0B068 /* NSObject+IGListDiffable.swift in Sources */,
			);
			runOnlyForDeploymentPostprocessing = 0;
		};
/* End PBXSourcesBuildPhase section */

/* Begin PBXVariantGroup section */
		1A1F060E1E0208EF00C0B068 /* Main.storyboard */ = {
			isa = PBXVariantGroup;
			children = (
				1A1F060F1E0208EF00C0B068 /* Base */,
			);
			name = Main.storyboard;
			sourceTree = "<group>";
		};
		1A1F06131E0208EF00C0B068 /* LaunchScreen.storyboard */ = {
			isa = PBXVariantGroup;
			children = (
				1A1F06141E0208EF00C0B068 /* Base */,
			);
			name = LaunchScreen.storyboard;
			sourceTree = "<group>";
		};
/* End PBXVariantGroup section */

/* Begin XCBuildConfiguration section */
		1A1F06171E0208EF00C0B068 /* Debug */ = {
			isa = XCBuildConfiguration;
			buildSettings = {
				ALWAYS_SEARCH_USER_PATHS = NO;
				CLANG_ANALYZER_NONNULL = YES;
				CLANG_CXX_LANGUAGE_STANDARD = "gnu++0x";
				CLANG_CXX_LIBRARY = "libc++";
				CLANG_ENABLE_MODULES = YES;
				CLANG_ENABLE_OBJC_ARC = YES;
				CLANG_WARN_BOOL_CONVERSION = YES;
				CLANG_WARN_CONSTANT_CONVERSION = YES;
				CLANG_WARN_DIRECT_OBJC_ISA_USAGE = YES_ERROR;
				CLANG_WARN_DOCUMENTATION_COMMENTS = YES;
				CLANG_WARN_EMPTY_BODY = YES;
				CLANG_WARN_ENUM_CONVERSION = YES;
				CLANG_WARN_INFINITE_RECURSION = YES;
				CLANG_WARN_INT_CONVERSION = YES;
				CLANG_WARN_OBJC_ROOT_CLASS = YES_ERROR;
				CLANG_WARN_SUSPICIOUS_MOVE = YES;
				CLANG_WARN_SUSPICIOUS_MOVES = YES;
				CLANG_WARN_UNREACHABLE_CODE = YES;
				CLANG_WARN__DUPLICATE_METHOD_MATCH = YES;
				"CODE_SIGN_IDENTITY[sdk=iphoneos*]" = "iPhone Developer";
				COPY_PHASE_STRIP = NO;
				DEBUG_INFORMATION_FORMAT = dwarf;
				ENABLE_STRICT_OBJC_MSGSEND = YES;
				ENABLE_TESTABILITY = YES;
				GCC_C_LANGUAGE_STANDARD = gnu99;
				GCC_DYNAMIC_NO_PIC = NO;
				GCC_NO_COMMON_BLOCKS = YES;
				GCC_OPTIMIZATION_LEVEL = 0;
				GCC_PREPROCESSOR_DEFINITIONS = (
					"DEBUG=1",
					"$(inherited)",
				);
				GCC_WARN_64_TO_32_BIT_CONVERSION = YES;
				GCC_WARN_ABOUT_RETURN_TYPE = YES_ERROR;
				GCC_WARN_UNDECLARED_SELECTOR = YES;
				GCC_WARN_UNINITIALIZED_AUTOS = YES_AGGRESSIVE;
				GCC_WARN_UNUSED_FUNCTION = YES;
				GCC_WARN_UNUSED_VARIABLE = YES;
				IPHONEOS_DEPLOYMENT_TARGET = 10.0;
				MTL_ENABLE_DEBUG_INFO = YES;
				ONLY_ACTIVE_ARCH = YES;
				SDKROOT = iphoneos;
				SWIFT_ACTIVE_COMPILATION_CONDITIONS = DEBUG;
				SWIFT_OPTIMIZATION_LEVEL = "-Onone";
				TARGETED_DEVICE_FAMILY = "1,2";
			};
			name = Debug;
		};
		1A1F06181E0208EF00C0B068 /* Release */ = {
			isa = XCBuildConfiguration;
			buildSettings = {
				ALWAYS_SEARCH_USER_PATHS = NO;
				CLANG_ANALYZER_NONNULL = YES;
				CLANG_CXX_LANGUAGE_STANDARD = "gnu++0x";
				CLANG_CXX_LIBRARY = "libc++";
				CLANG_ENABLE_MODULES = YES;
				CLANG_ENABLE_OBJC_ARC = YES;
				CLANG_WARN_BOOL_CONVERSION = YES;
				CLANG_WARN_CONSTANT_CONVERSION = YES;
				CLANG_WARN_DIRECT_OBJC_ISA_USAGE = YES_ERROR;
				CLANG_WARN_DOCUMENTATION_COMMENTS = YES;
				CLANG_WARN_EMPTY_BODY = YES;
				CLANG_WARN_ENUM_CONVERSION = YES;
				CLANG_WARN_INFINITE_RECURSION = YES;
				CLANG_WARN_INT_CONVERSION = YES;
				CLANG_WARN_OBJC_ROOT_CLASS = YES_ERROR;
				CLANG_WARN_SUSPICIOUS_MOVE = YES;
				CLANG_WARN_SUSPICIOUS_MOVES = YES;
				CLANG_WARN_UNREACHABLE_CODE = YES;
				CLANG_WARN__DUPLICATE_METHOD_MATCH = YES;
				"CODE_SIGN_IDENTITY[sdk=iphoneos*]" = "iPhone Developer";
				COPY_PHASE_STRIP = NO;
				DEBUG_INFORMATION_FORMAT = "dwarf-with-dsym";
				ENABLE_NS_ASSERTIONS = NO;
				ENABLE_STRICT_OBJC_MSGSEND = YES;
				GCC_C_LANGUAGE_STANDARD = gnu99;
				GCC_NO_COMMON_BLOCKS = YES;
				GCC_WARN_64_TO_32_BIT_CONVERSION = YES;
				GCC_WARN_ABOUT_RETURN_TYPE = YES_ERROR;
				GCC_WARN_UNDECLARED_SELECTOR = YES;
				GCC_WARN_UNINITIALIZED_AUTOS = YES_AGGRESSIVE;
				GCC_WARN_UNUSED_FUNCTION = YES;
				GCC_WARN_UNUSED_VARIABLE = YES;
				IPHONEOS_DEPLOYMENT_TARGET = 10.0;
				MTL_ENABLE_DEBUG_INFO = NO;
				SDKROOT = iphoneos;
				SWIFT_OPTIMIZATION_LEVEL = "-Owholemodule";
				TARGETED_DEVICE_FAMILY = "1,2";
				VALIDATE_PRODUCT = YES;
			};
			name = Release;
		};
		1A1F061A1E0208EF00C0B068 /* Debug */ = {
			isa = XCBuildConfiguration;
			baseConfigurationReference = 44F8A0DE9223F00CABD0018E /* Pods-IGListTesting.debug.xcconfig */;
			buildSettings = {
				ASSETCATALOG_COMPILER_APPICON_NAME = AppIcon;
				DEVELOPMENT_TEAM = PQ3HEEN697;
				INFOPLIST_FILE = IGListTesting/Info.plist;
				LD_RUNPATH_SEARCH_PATHS = "$(inherited) @executable_path/Frameworks";
				PRODUCT_BUNDLE_IDENTIFIER = "The-Infinite-Actuary-LLC.IGListTesting";
				PRODUCT_NAME = "$(TARGET_NAME)";
				SWIFT_VERSION = 3.0;
			};
			name = Debug;
		};
		1A1F061B1E0208EF00C0B068 /* Release */ = {
			isa = XCBuildConfiguration;
			baseConfigurationReference = 470EBA6C4CAE91DE6EF8739E /* Pods-IGListTesting.release.xcconfig */;
			buildSettings = {
				ASSETCATALOG_COMPILER_APPICON_NAME = AppIcon;
				DEVELOPMENT_TEAM = PQ3HEEN697;
				INFOPLIST_FILE = IGListTesting/Info.plist;
				LD_RUNPATH_SEARCH_PATHS = "$(inherited) @executable_path/Frameworks";
				PRODUCT_BUNDLE_IDENTIFIER = "The-Infinite-Actuary-LLC.IGListTesting";
				PRODUCT_NAME = "$(TARGET_NAME)";
				SWIFT_VERSION = 3.0;
			};
			name = Release;
		};
/* End XCBuildConfiguration section */

/* Begin XCConfigurationList section */
		1A1F06021E0208EF00C0B068 /* Build configuration list for PBXProject "IGListTesting" */ = {
			isa = XCConfigurationList;
			buildConfigurations = (
				1A1F06171E0208EF00C0B068 /* Debug */,
				1A1F06181E0208EF00C0B068 /* Release */,
			);
			defaultConfigurationIsVisible = 0;
			defaultConfigurationName = Release;
		};
		1A1F06191E0208EF00C0B068 /* Build configuration list for PBXNativeTarget "IGListTesting" */ = {
			isa = XCConfigurationList;
			buildConfigurations = (
				1A1F061A1E0208EF00C0B068 /* Debug */,
				1A1F061B1E0208EF00C0B068 /* Release */,
			);
			defaultConfigurationIsVisible = 0;
			defaultConfigurationName = Release;
		};
/* End XCConfigurationList section */
	};
	rootObject = 1A1F05FF1E0208EF00C0B068 /* Project object */;
}
